
Microsoft Visual Studio Solution File, Format Version 11.00
# Visual Studio 2010
Project("{FAE04EC0-301F-11D3-BF4B-00C04F79EFBC}") = "SortByTypeMod", "SortByTypeMod\SortByTypeMod.csproj", "{EAE16376-A84D-4221-B99E-9E5543EFEF31}"
EndProject
Global
	GlobalSection(SolutionConfigurationPlatforms) = preSolution
		Debug|Any CPU = Debug|Any CPU
		Release|Any CPU = Release|Any CPU
	EndGlobalSection
	GlobalSection(ProjectConfigurationPlatforms) = postSolution
		{EAE16376-A84D-4221-B99E-9E5543EFEF31}.Debug|Any CPU.ActiveCfg = Debug|Any CPU
		{EAE16376-A84D-4221-B99E-9E5543EFEF31}.Debug|Any CPU.Build.0 = Debug|Any CPU
		{EAE16376-A84D-4221-B99E-9E5543EFEF31}.Release|Any CPU.ActiveCfg = Release|Any CPU
		{EAE16376-A84D-4221-B99E-9E5543EFEF31}.Release|Any CPU.Build.0 = Release|Any CPU
	EndGlobalSection
	GlobalSection(MonoDevelopProperties) = preSolution
		StartupItem = SortByTypeMod\SortByTypeMod.csproj
	EndGlobalSection
EndGlobal
